
Microsoft Visual Studio Solution File, Format Version 12.00
# Visual Studio Version 17
VisualStudioVersion = 17.13.35828.75 d17.13
MinimumVisualStudioVersion = 10.0.40219.1
Project("{FAE04EC0-301F-11D3-BF4B-00C04F79EFBC}") = "inventor", "inventor\inventor.csproj", "{229D118B-5920-42EA-8191-E6D2F7896583}"
EndProject
Global
	GlobalSection(SolutionConfigurationPlatforms) = preSolution
		Debug|Any CPU = Debug|Any CPU
		Release|Any CPU = Release|Any CPU
	EndGlobalSection
	GlobalSection(ProjectConfigurationPlatforms) = postSolution
		{229D118B-5920-42EA-8191-E6D2F7896583}.Debug|Any CPU.ActiveCfg = Debug|Any CPU
		{229D118B-5920-42EA-8191-E6D2F7896583}.Debug|Any CPU.Build.0 = Debug|Any CPU
		{229D118B-5920-42EA-8191-E6D2F7896583}.Release|Any CPU.ActiveCfg = Release|Any CPU
		{229D118B-5920-42EA-8191-E6D2F7896583}.Release|Any CPU.Build.0 = Release|Any CPU
	EndGlobalSection
	GlobalSection(SolutionProperties) = preSolution
		HideSolutionNode = FALSE
	EndGlobalSection
	GlobalSection(ExtensibilityGlobals) = postSolution
		SolutionGuid = {EEDA37BF-66B8-4E74-B21E-AC1E109645D4}
	EndGlobalSection
EndGlobal
